
Microsoft Visual Studio Solution File, Format Version 12.00
# Visual Studio Version 17
VisualStudioVersion = 17.9.34728.123
MinimumVisualStudioVersion = 10.0.40219.1
Project("{9A19103F-16F7-4668-BE54-9A1E7A4F7556}") = "EmployeePayroll", "EmployeePayroll\EmployeePayroll.csproj", "{6523B98C-17BA-4EC0-B091-68D984E7F68F}"
EndProject
Project("{FAE04EC0-301F-11D3-BF4B-00C04F79EFBC}") = "BusinessLayer", "BusinessLayer\BusinessLayer.csproj", "{FC4AA1D0-DBB7-4179-9286-5ACA1395FBEF}"
EndProject
Project("{FAE04EC0-301F-11D3-BF4B-00C04F79EFBC}") = "DataBaseLayer", "DataBaseLayer\DataBaseLayer.csproj", "{7393323C-9F3A-4BFD-84BD-F1F5A3B5C86B}"
EndProject
Project("{FAE04EC0-301F-11D3-BF4B-00C04F79EFBC}") = "ModelLayer", "ModelLayer\ModelLayer.csproj", "{74160258-849C-478E-92B7-64D1B0B2D221}"
EndProject
Global
	GlobalSection(SolutionConfigurationPlatforms) = preSolution
		Debug|Any CPU = Debug|Any CPU
		Release|Any CPU = Release|Any CPU
	EndGlobalSection
	GlobalSection(ProjectConfigurationPlatforms) = postSolution
		{6523B98C-17BA-4EC0-B091-68D984E7F68F}.Debug|Any CPU.ActiveCfg = Debug|Any CPU
		{6523B98C-17BA-4EC0-B091-68D984E7F68F}.Debug|Any CPU.Build.0 = Debug|Any CPU
		{6523B98C-17BA-4EC0-B091-68D984E7F68F}.Release|Any CPU.ActiveCfg = Release|Any CPU
		{6523B98C-17BA-4EC0-B091-68D984E7F68F}.Release|Any CPU.Build.0 = Release|Any CPU
		{FC4AA1D0-DBB7-4179-9286-5ACA1395FBEF}.Debug|Any CPU.ActiveCfg = Debug|Any CPU
		{FC4AA1D0-DBB7-4179-9286-5ACA1395FBEF}.Debug|Any CPU.Build.0 = Debug|Any CPU
		{FC4AA1D0-DBB7-4179-9286-5ACA1395FBEF}.Release|Any CPU.ActiveCfg = Release|Any CPU
		{FC4AA1D0-DBB7-4179-9286-5ACA1395FBEF}.Release|Any CPU.Build.0 = Release|Any CPU
		{7393323C-9F3A-4BFD-84BD-F1F5A3B5C86B}.Debug|Any CPU.ActiveCfg = Debug|Any CPU
		{7393323C-9F3A-4BFD-84BD-F1F5A3B5C86B}.Debug|Any CPU.Build.0 = Debug|Any CPU
		{7393323C-9F3A-4BFD-84BD-F1F5A3B5C86B}.Release|Any CPU.ActiveCfg = Release|Any CPU
		{7393323C-9F3A-4BFD-84BD-F1F5A3B5C86B}.Release|Any CPU.Build.0 = Release|Any CPU
		{74160258-849C-478E-92B7-64D1B0B2D221}.Debug|Any CPU.ActiveCfg = Debug|Any CPU
		{74160258-849C-478E-92B7-64D1B0B2D221}.Debug|Any CPU.Build.0 = Debug|Any CPU
		{74160258-849C-478E-92B7-64D1B0B2D221}.Release|Any CPU.ActiveCfg = Release|Any CPU
		{74160258-849C-478E-92B7-64D1B0B2D221}.Release|Any CPU.Build.0 = Release|Any CPU
	EndGlobalSection
	GlobalSection(SolutionProperties) = preSolution
		HideSolutionNode = FALSE
	EndGlobalSection
	GlobalSection(ExtensibilityGlobals) = postSolution
		SolutionGuid = {501C6128-127D-42DA-9DC9-A3A4D94D9E8B}
	EndGlobalSection
EndGlobal
